{
  "name": "c8y-realtime-widgets",
  "version": "1.0.0",
  "lockfileVersion": 1,
  "requires": true,
  "dependencies": {
    "cumulocity-ui-build": {
      "version": "http://resources.cumulocity.com/webapps/ui/8.19.7.tar.gz",
      "integrity": "sha512-1hEMKI0v59j14/CIuSJ+m1hB0E7eqtTtRU5RmO/Hp/nm78Y0FmpJlnpEveSPJDy+yYMGinxISEj0hf2waWouOA=="
    }
  }
}
